
Microsoft Visual Studio Solution File, Format Version 12.00
# Visual Studio Version 17
VisualStudioVersion = 17.1.32228.430
MinimumVisualStudioVersion = 10.0.40219.1
Project("{FAE04EC0-301F-11D3-BF4B-00C04F79EFBC}") = "Ventas", "Ventas.csproj", "{9A9F7409-B1CB-47D6-B0EC-A0D0D2CFA34A}"
EndProject
Global
	GlobalSection(SolutionConfigurationPlatforms) = preSolution
		Debug|Any CPU = Debug|Any CPU
		Release|Any CPU = Release|Any CPU
	EndGlobalSection
	GlobalSection(ProjectConfigurationPlatforms) = postSolution
		{9A9F7409-B1CB-47D6-B0EC-A0D0D2CFA34A}.Debug|Any CPU.ActiveCfg = Debug|Any CPU
		{9A9F7409-B1CB-47D6-B0EC-A0D0D2CFA34A}.Debug|Any CPU.Build.0 = Debug|Any CPU
		{9A9F7409-B1CB-47D6-B0EC-A0D0D2CFA34A}.Release|Any CPU.ActiveCfg = Release|Any CPU
		{9A9F7409-B1CB-47D6-B0EC-A0D0D2CFA34A}.Release|Any CPU.Build.0 = Release|Any CPU
	EndGlobalSection
	GlobalSection(SolutionProperties) = preSolution
		HideSolutionNode = FALSE
	EndGlobalSection
	GlobalSection(ExtensibilityGlobals) = postSolution
		SolutionGuid = {3B4A0EC2-9C0E-442E-958C-2AC15043D652}
	EndGlobalSection
EndGlobal
